
Microsoft Visual Studio Solution File, Format Version 12.00
# Visual Studio Version 16
VisualStudioVersion = 16.0.30907.101
MinimumVisualStudioVersion = 10.0.40219.1
Project("{2150E333-8FDC-42A3-9474-1A3956D46DE8}") = "AcceptanceTest", "AcceptanceTest", "{AF348046-7C50-44B8-86A1-23144098AED4}"
EndProject
Project("{2150E333-8FDC-42A3-9474-1A3956D46DE8}") = "ApplicationService", "ApplicationService", "{26F46106-6775-4196-B581-CAA25149E58C}"
EndProject
Project("{2150E333-8FDC-42A3-9474-1A3956D46DE8}") = "Core", "Core", "{B21DBCD4-1FA5-4EA1-8769-7660074C314D}"
EndProject
Project("{2150E333-8FDC-42A3-9474-1A3956D46DE8}") = "Domain", "Domain", "{A94F9507-A0BA-4BB3-B6C6-6084DEF95AB8}"
EndProject
Project("{2150E333-8FDC-42A3-9474-1A3956D46DE8}") = "Infrustructure", "Infrustructure", "{4F0893F8-F69B-46CC-9F78-B5EF1525C0D1}"
EndProject
Project("{2150E333-8FDC-42A3-9474-1A3956D46DE8}") = "Interface", "Interface", "{4C97B59F-7CDC-41D6-A291-66B89938A99D}"
EndProject
Project("{9A19103F-16F7-4668-BE54-9A1E7A4F7556}") = "MozaeekCore.Exception", "MozaeekCore.Exception\MozaeekCore.Exception.csproj", "{F4EAD6A2-C2E2-4D61-AA67-924646B5F716}"
EndProject
Project("{9A19103F-16F7-4668-BE54-9A1E7A4F7556}") = "MozaeekCore.LogManagement", "MozaeekCore.LogManagement\MozaeekCore.LogManagement.csproj", "{183C54F2-05BC-4CE7-ADAE-812863B20120}"
EndProject
Project("{9A19103F-16F7-4668-BE54-9A1E7A4F7556}") = "MozaeekCore.Mapper", "MozaeekCore.Mapper\MozaeekCore.Mapper.csproj", "{84843E80-1589-4E5D-B5B4-197958F3B2DD}"
EndProject
Project("{9A19103F-16F7-4668-BE54-9A1E7A4F7556}") = "MozaeekCore.RestAPI", "MozaeekCore.RestAPI\MozaeekCore.RestAPI.csproj", "{4B2F92DD-A93A-465A-B210-D2768167B644}"
EndProject
Project("{2150E333-8FDC-42A3-9474-1A3956D46DE8}") = "Src", "Src", "{B4DF5DBA-B85A-45F3-859D-BB9992C5B6EC}"
EndProject
Project("{9A19103F-16F7-4668-BE54-9A1E7A4F7556}") = "MozaeekCore.Persistense.EF", "MozaeekCore.Persistense.EF\MozaeekCore.Persistense.EF.csproj", "{0AC1DE1A-FA04-4B6D-B385-86F4E84CD8CA}"
EndProject
Project("{9A19103F-16F7-4668-BE54-9A1E7A4F7556}") = "MozaeekCore.Common", "MozaeekCore.Common\MozaeekCore.Common.csproj", "{9AD4F0DB-835E-4914-B801-83D968412881}"
EndProject
Project("{9A19103F-16F7-4668-BE54-9A1E7A4F7556}") = "MozaeekCore.Domain", "MozaeekCore.Domain\MozaeekCore.Domain.csproj", "{6B07D17F-3F2F-4371-9906-4318D3895619}"
EndProject
Project("{9A19103F-16F7-4668-BE54-9A1E7A4F7556}") = "MozaeekCore.ApplicationService", "MozaeekCore.ApplicationService\MozaeekCore.ApplicationService.csproj", "{6B0AF2EF-8017-480D-BD5F-AAA54A7920AA}"
EndProject
Project("{9A19103F-16F7-4668-BE54-9A1E7A4F7556}") = "MozaeekCore.IntegrationTest", "MozaeekCore.IntegrationTest\MozaeekCore.IntegrationTest.csproj", "{16CD6CD5-297F-4640-BC76-3BCA5C359819}"
EndProject
Project("{9A19103F-16F7-4668-BE54-9A1E7A4F7556}") = "MozaeekCore.Core", "MozaeekCore.Core\MozaeekCore.Core.csproj", "{9B777524-AE0C-4595-B846-5870A9FC27CD}"
EndProject
Project("{2150E333-8FDC-42A3-9474-1A3956D46DE8}") = "FacadeQuery", "FacadeQuery", "{00D63373-F893-421D-A6A1-B6F23EAEF8FD}"
EndProject
Project("{9A19103F-16F7-4668-BE54-9A1E7A4F7556}") = "MozaeekCore.Facade.Query", "MozaeekCore.Facade.Query\MozaeekCore.Facade.Query.csproj", "{BA9DB807-3706-4E92-B57E-90C84D09E045}"
EndProject
Project("{9A19103F-16F7-4668-BE54-9A1E7A4F7556}") = "MozaeekCore.Enum", "MozaeekCore.Enum\MozaeekCore.Enum.csproj", "{882E54DF-D9AC-4316-B7F7-A34E1E0D367A}"
EndProject
Project("{9A19103F-16F7-4668-BE54-9A1E7A4F7556}") = "MozaeekCore.UnitTest", "MozaeekCore.UnitTest\MozaeekCore.UnitTest.csproj", "{9DED4F4D-9F50-46B6-8BAF-0C15E711F9C2}"
EndProject
Project("{9A19103F-16F7-4668-BE54-9A1E7A4F7556}") = "MozaeekCore.ViewModel", "MozaeekCore.ViewModel\MozaeekCore.ViewModel.csproj", "{59BF801B-14DA-4C95-9F3B-A7BEA8A813EC}"
EndProject
Project("{9A19103F-16F7-4668-BE54-9A1E7A4F7556}") = "MozaeekCore.ApplicationService.Contract", "MozaeekCore.ApplicationService.Contract\MozaeekCore.ApplicationService.Contract.csproj", "{87E6D371-D8C6-4598-9370-70864108E0AE}"
EndProject
Global
	GlobalSection(SolutionConfigurationPlatforms) = preSolution
		Debug|Any CPU = Debug|Any CPU
		Release|Any CPU = Release|Any CPU
	EndGlobalSection
	GlobalSection(ProjectConfigurationPlatforms) = postSolution
		{F4EAD6A2-C2E2-4D61-AA67-924646B5F716}.Debug|Any CPU.ActiveCfg = Debug|Any CPU
		{F4EAD6A2-C2E2-4D61-AA67-924646B5F716}.Debug|Any CPU.Build.0 = Debug|Any CPU
		{F4EAD6A2-C2E2-4D61-AA67-924646B5F716}.Release|Any CPU.ActiveCfg = Release|Any CPU
		{F4EAD6A2-C2E2-4D61-AA67-924646B5F716}.Release|Any CPU.Build.0 = Release|Any CPU
		{183C54F2-05BC-4CE7-ADAE-812863B20120}.Debug|Any CPU.ActiveCfg = Debug|Any CPU
		{183C54F2-05BC-4CE7-ADAE-812863B20120}.Debug|Any CPU.Build.0 = Debug|Any CPU
		{183C54F2-05BC-4CE7-ADAE-812863B20120}.Release|Any CPU.ActiveCfg = Release|Any CPU
		{183C54F2-05BC-4CE7-ADAE-812863B20120}.Release|Any CPU.Build.0 = Release|Any CPU
		{84843E80-1589-4E5D-B5B4-197958F3B2DD}.Debug|Any CPU.ActiveCfg = Debug|Any CPU
		{84843E80-1589-4E5D-B5B4-197958F3B2DD}.Debug|Any CPU.Build.0 = Debug|Any CPU
		{84843E80-1589-4E5D-B5B4-197958F3B2DD}.Release|Any CPU.ActiveCfg = Release|Any CPU
		{84843E80-1589-4E5D-B5B4-197958F3B2DD}.Release|Any CPU.Build.0 = Release|Any CPU
		{4B2F92DD-A93A-465A-B210-D2768167B644}.Debug|Any CPU.ActiveCfg = Debug|Any CPU
		{4B2F92DD-A93A-465A-B210-D2768167B644}.Debug|Any CPU.Build.0 = Debug|Any CPU
		{4B2F92DD-A93A-465A-B210-D2768167B644}.Release|Any CPU.ActiveCfg = Release|Any CPU
		{4B2F92DD-A93A-465A-B210-D2768167B644}.Release|Any CPU.Build.0 = Release|Any CPU
		{0AC1DE1A-FA04-4B6D-B385-86F4E84CD8CA}.Debug|Any CPU.ActiveCfg = Debug|Any CPU
		{0AC1DE1A-FA04-4B6D-B385-86F4E84CD8CA}.Debug|Any CPU.Build.0 = Debug|Any CPU
		{0AC1DE1A-FA04-4B6D-B385-86F4E84CD8CA}.Release|Any CPU.ActiveCfg = Release|Any CPU
		{0AC1DE1A-FA04-4B6D-B385-86F4E84CD8CA}.Release|Any CPU.Build.0 = Release|Any CPU
		{9AD4F0DB-835E-4914-B801-83D968412881}.Debug|Any CPU.ActiveCfg = Debug|Any CPU
		{9AD4F0DB-835E-4914-B801-83D968412881}.Debug|Any CPU.Build.0 = Debug|Any CPU
		{9AD4F0DB-835E-4914-B801-83D968412881}.Release|Any CPU.ActiveCfg = Release|Any CPU
		{9AD4F0DB-835E-4914-B801-83D968412881}.Release|Any CPU.Build.0 = Release|Any CPU
		{6B07D17F-3F2F-4371-9906-4318D3895619}.Debug|Any CPU.ActiveCfg = Debug|Any CPU
		{6B07D17F-3F2F-4371-9906-4318D3895619}.Debug|Any CPU.Build.0 = Debug|Any CPU
		{6B07D17F-3F2F-4371-9906-4318D3895619}.Release|Any CPU.ActiveCfg = Release|Any CPU
		{6B07D17F-3F2F-4371-9906-4318D3895619}.Release|Any CPU.Build.0 = Release|Any CPU
		{6B0AF2EF-8017-480D-BD5F-AAA54A7920AA}.Debug|Any CPU.ActiveCfg = Debug|Any CPU
		{6B0AF2EF-8017-480D-BD5F-AAA54A7920AA}.Debug|Any CPU.Build.0 = Debug|Any CPU
		{6B0AF2EF-8017-480D-BD5F-AAA54A7920AA}.Release|Any CPU.ActiveCfg = Release|Any CPU
		{6B0AF2EF-8017-480D-BD5F-AAA54A7920AA}.Release|Any CPU.Build.0 = Release|Any CPU
		{16CD6CD5-297F-4640-BC76-3BCA5C359819}.Debug|Any CPU.ActiveCfg = Debug|Any CPU
		{16CD6CD5-297F-4640-BC76-3BCA5C359819}.Debug|Any CPU.Build.0 = Debug|Any CPU
		{16CD6CD5-297F-4640-BC76-3BCA5C359819}.Release|Any CPU.ActiveCfg = Release|Any CPU
		{16CD6CD5-297F-4640-BC76-3BCA5C359819}.Release|Any CPU.Build.0 = Release|Any CPU
		{9B777524-AE0C-4595-B846-5870A9FC27CD}.Debug|Any CPU.ActiveCfg = Debug|Any CPU
		{9B777524-AE0C-4595-B846-5870A9FC27CD}.Debug|Any CPU.Build.0 = Debug|Any CPU
		{9B777524-AE0C-4595-B846-5870A9FC27CD}.Release|Any CPU.ActiveCfg = Release|Any CPU
		{9B777524-AE0C-4595-B846-5870A9FC27CD}.Release|Any CPU.Build.0 = Release|Any CPU
		{BA9DB807-3706-4E92-B57E-90C84D09E045}.Debug|Any CPU.ActiveCfg = Debug|Any CPU
		{BA9DB807-3706-4E92-B57E-90C84D09E045}.Debug|Any CPU.Build.0 = Debug|Any CPU
		{BA9DB807-3706-4E92-B57E-90C84D09E045}.Release|Any CPU.ActiveCfg = Release|Any CPU
		{BA9DB807-3706-4E92-B57E-90C84D09E045}.Release|Any CPU.Build.0 = Release|Any CPU
		{882E54DF-D9AC-4316-B7F7-A34E1E0D367A}.Debug|Any CPU.ActiveCfg = Debug|Any CPU
		{882E54DF-D9AC-4316-B7F7-A34E1E0D367A}.Debug|Any CPU.Build.0 = Debug|Any CPU
		{882E54DF-D9AC-4316-B7F7-A34E1E0D367A}.Release|Any CPU.ActiveCfg = Release|Any CPU
		{882E54DF-D9AC-4316-B7F7-A34E1E0D367A}.Release|Any CPU.Build.0 = Release|Any CPU
		{9DED4F4D-9F50-46B6-8BAF-0C15E711F9C2}.Debug|Any CPU.ActiveCfg = Debug|Any CPU
		{9DED4F4D-9F50-46B6-8BAF-0C15E711F9C2}.Debug|Any CPU.Build.0 = Debug|Any CPU
		{9DED4F4D-9F50-46B6-8BAF-0C15E711F9C2}.Release|Any CPU.ActiveCfg = Release|Any CPU
		{9DED4F4D-9F50-46B6-8BAF-0C15E711F9C2}.Release|Any CPU.Build.0 = Release|Any CPU
		{59BF801B-14DA-4C95-9F3B-A7BEA8A813EC}.Debug|Any CPU.ActiveCfg = Debug|Any CPU
		{59BF801B-14DA-4C95-9F3B-A7BEA8A813EC}.Debug|Any CPU.Build.0 = Debug|Any CPU
		{59BF801B-14DA-4C95-9F3B-A7BEA8A813EC}.Release|Any CPU.ActiveCfg = Release|Any CPU
		{59BF801B-14DA-4C95-9F3B-A7BEA8A813EC}.Release|Any CPU.Build.0 = Release|Any CPU
		{87E6D371-D8C6-4598-9370-70864108E0AE}.Debug|Any CPU.ActiveCfg = Debug|Any CPU
		{87E6D371-D8C6-4598-9370-70864108E0AE}.Debug|Any CPU.Build.0 = Debug|Any CPU
		{87E6D371-D8C6-4598-9370-70864108E0AE}.Release|Any CPU.ActiveCfg = Release|Any CPU
		{87E6D371-D8C6-4598-9370-70864108E0AE}.Release|Any CPU.Build.0 = Release|Any CPU
	EndGlobalSection
	GlobalSection(SolutionProperties) = preSolution
		HideSolutionNode = FALSE
	EndGlobalSection
	GlobalSection(NestedProjects) = preSolution
		{26F46106-6775-4196-B581-CAA25149E58C} = {B4DF5DBA-B85A-45F3-859D-BB9992C5B6EC}
		{B21DBCD4-1FA5-4EA1-8769-7660074C314D} = {B4DF5DBA-B85A-45F3-859D-BB9992C5B6EC}
		{A94F9507-A0BA-4BB3-B6C6-6084DEF95AB8} = {B4DF5DBA-B85A-45F3-859D-BB9992C5B6EC}
		{4F0893F8-F69B-46CC-9F78-B5EF1525C0D1} = {B4DF5DBA-B85A-45F3-859D-BB9992C5B6EC}
		{4C97B59F-7CDC-41D6-A291-66B89938A99D} = {B4DF5DBA-B85A-45F3-859D-BB9992C5B6EC}
		{F4EAD6A2-C2E2-4D61-AA67-924646B5F716} = {4F0893F8-F69B-46CC-9F78-B5EF1525C0D1}
		{183C54F2-05BC-4CE7-ADAE-812863B20120} = {4F0893F8-F69B-46CC-9F78-B5EF1525C0D1}
		{84843E80-1589-4E5D-B5B4-197958F3B2DD} = {4F0893F8-F69B-46CC-9F78-B5EF1525C0D1}
		{4B2F92DD-A93A-465A-B210-D2768167B644} = {4C97B59F-7CDC-41D6-A291-66B89938A99D}
		{0AC1DE1A-FA04-4B6D-B385-86F4E84CD8CA} = {4F0893F8-F69B-46CC-9F78-B5EF1525C0D1}
		{9AD4F0DB-835E-4914-B801-83D968412881} = {4F0893F8-F69B-46CC-9F78-B5EF1525C0D1}
		{6B07D17F-3F2F-4371-9906-4318D3895619} = {A94F9507-A0BA-4BB3-B6C6-6084DEF95AB8}
		{6B0AF2EF-8017-480D-BD5F-AAA54A7920AA} = {26F46106-6775-4196-B581-CAA25149E58C}
		{16CD6CD5-297F-4640-BC76-3BCA5C359819} = {AF348046-7C50-44B8-86A1-23144098AED4}
		{9B777524-AE0C-4595-B846-5870A9FC27CD} = {B21DBCD4-1FA5-4EA1-8769-7660074C314D}
		{00D63373-F893-421D-A6A1-B6F23EAEF8FD} = {B4DF5DBA-B85A-45F3-859D-BB9992C5B6EC}
		{BA9DB807-3706-4E92-B57E-90C84D09E045} = {00D63373-F893-421D-A6A1-B6F23EAEF8FD}
		{882E54DF-D9AC-4316-B7F7-A34E1E0D367A} = {4F0893F8-F69B-46CC-9F78-B5EF1525C0D1}
		{9DED4F4D-9F50-46B6-8BAF-0C15E711F9C2} = {AF348046-7C50-44B8-86A1-23144098AED4}
		{59BF801B-14DA-4C95-9F3B-A7BEA8A813EC} = {4F0893F8-F69B-46CC-9F78-B5EF1525C0D1}
		{87E6D371-D8C6-4598-9370-70864108E0AE} = {26F46106-6775-4196-B581-CAA25149E58C}
	EndGlobalSection
	GlobalSection(ExtensibilityGlobals) = postSolution
		SolutionGuid = {0D367D0F-CDB4-4E7A-B90D-1E8D35FC291E}
	EndGlobalSection
EndGlobal
